
Microsoft Visual Studio Solution File, Format Version 12.00
# Visual Studio Version 16
VisualStudioVersion = 16.0.30523.141
MinimumVisualStudioVersion = 10.0.40219.1
Project("{FAE04EC0-301F-11D3-BF4B-00C04F79EFBC}") = "Sprint1", "Sprint1\Sprint1.csproj", "{AF86E2A5-3EAC-435D-BA46-8E0D09071CB2}"
EndProject
Global
	GlobalSection(SolutionConfigurationPlatforms) = preSolution
		Debug|Any CPU = Debug|Any CPU
		Release|Any CPU = Release|Any CPU
	EndGlobalSection
	GlobalSection(ProjectConfigurationPlatforms) = postSolution
		{AF86E2A5-3EAC-435D-BA46-8E0D09071CB2}.Debug|Any CPU.ActiveCfg = Debug|Any CPU
		{AF86E2A5-3EAC-435D-BA46-8E0D09071CB2}.Debug|Any CPU.Build.0 = Debug|Any CPU
		{AF86E2A5-3EAC-435D-BA46-8E0D09071CB2}.Release|Any CPU.ActiveCfg = Release|Any CPU
		{AF86E2A5-3EAC-435D-BA46-8E0D09071CB2}.Release|Any CPU.Build.0 = Release|Any CPU
	EndGlobalSection
	GlobalSection(SolutionProperties) = preSolution
		HideSolutionNode = FALSE
	EndGlobalSection
	GlobalSection(ExtensibilityGlobals) = postSolution
		SolutionGuid = {C44EE49C-3BBD-4A3A-BEE4-5973B9AA5E95}
	EndGlobalSection
EndGlobal
